
Microsoft Visual Studio Solution File, Format Version 12.00
# Visual Studio Version 17
VisualStudioVersion = 17.2.32630.192
MinimumVisualStudioVersion = 10.0.40219.1
Project("{9A19103F-16F7-4668-BE54-9A1E7A4F7556}") = "MigrarEmpleadoService", "App48HrService\MigrarEmpleadoService.csproj", "{84F82D64-A622-4029-A4BC-E3BE38F69E3A}"
EndProject
Global
	GlobalSection(SolutionConfigurationPlatforms) = preSolution
		Debug|Any CPU = Debug|Any CPU
		Release|Any CPU = Release|Any CPU
	EndGlobalSection
	GlobalSection(ProjectConfigurationPlatforms) = postSolution
		{84F82D64-A622-4029-A4BC-E3BE38F69E3A}.Debug|Any CPU.ActiveCfg = Debug|Any CPU
		{84F82D64-A622-4029-A4BC-E3BE38F69E3A}.Debug|Any CPU.Build.0 = Debug|Any CPU
		{84F82D64-A622-4029-A4BC-E3BE38F69E3A}.Release|Any CPU.ActiveCfg = Release|Any CPU
		{84F82D64-A622-4029-A4BC-E3BE38F69E3A}.Release|Any CPU.Build.0 = Release|Any CPU
	EndGlobalSection
	GlobalSection(SolutionProperties) = preSolution
		HideSolutionNode = FALSE
	EndGlobalSection
	GlobalSection(ExtensibilityGlobals) = postSolution
		SolutionGuid = {947EE1BD-CEAA-438A-857D-43D6C99C81AB}
	EndGlobalSection
EndGlobal
